// !$*UTF8*$!
{
	archiveVersion = 1;
	classes = {
	};
	objectVersion = 50;
	objects = {

/* Begin PBXBuildFile section */
		FC12D2962489116D007183F8 /* AppDelegate.m in Sources */ = {isa = PBXBuildFile; fileRef = FC12D2952489116D007183F8 /* AppDelegate.m */; };
		FC12D2992489116D007183F8 /* SceneDelegate.m in Sources */ = {isa = PBXBuildFile; fileRef = FC12D2982489116D007183F8 /* SceneDelegate.m */; };
		FC12D29C2489116D007183F8 /* ViewController.m in Sources */ = {isa = PBXBuildFile; fileRef = FC12D29B2489116D007183F8 /* ViewController.m */; };
		FC12D29F2489116D007183F8 /* Main.storyboard in Resources */ = {isa = PBXBuildFile; fileRef = FC12D29D2489116D007183F8 /* Main.storyboard */; };
		FC12D2A124891170007183F8 /* Assets.xcassets in Resources */ = {isa = PBXBuildFile; fileRef = FC12D2A024891170007183F8 /* Assets.xcassets */; };
		FC12D2A424891170007183F8 /* LaunchScreen.storyboard in Resources */ = {isa = PBXBuildFile; fileRef = FC12D2A224891170007183F8 /* LaunchScreen.storyboard */; };
		FC12D2A724891170007183F8 /* main.m in Sources */ = {isa = PBXBuildFile; fileRef = FC12D2A624891170007183F8 /* main.m */; };
		FC12D2B124891170007183F8 /* ZZRouterTests.m in Sources */ = {isa = PBXBuildFile; fileRef = FC12D2B024891170007183F8 /* ZZRouterTests.m */; };
		FC12D2BC24891170007183F8 /* ZZRouterUITests.m in Sources */ = {isa = PBXBuildFile; fileRef = FC12D2BB24891170007183F8 /* ZZRouterUITests.m */; };
		FC270AFA248E112800C17419 /* RedViewController.m in Sources */ = {isa = PBXBuildFile; fileRef = FC270AF9248E112800C17419 /* RedViewController.m */; };
		FC270AFD248E113300C17419 /* BlueViewController.m in Sources */ = {isa = PBXBuildFile; fileRef = FC270AFC248E113300C17419 /* BlueViewController.m */; };
		FC270B00248E113B00C17419 /* YellowViewController.m in Sources */ = {isa = PBXBuildFile; fileRef = FC270AFF248E113B00C17419 /* YellowViewController.m */; };
		FC270B03248E123600C17419 /* RedUnit.m in Sources */ = {isa = PBXBuildFile; fileRef = FC270B02248E123600C17419 /* RedUnit.m */; };
		FC270B06248E13FA00C17419 /* FilterOne.m in Sources */ = {isa = PBXBuildFile; fileRef = FC270B05248E13FA00C17419 /* FilterOne.m */; };
		FC270B09248E18D200C17419 /* YellowUnit.m in Sources */ = {isa = PBXBuildFile; fileRef = FC270B08248E18D200C17419 /* YellowUnit.m */; };
		FC270B0C248E19DC00C17419 /* BlueUnit.m in Sources */ = {isa = PBXBuildFile; fileRef = FC270B0B248E19DC00C17419 /* BlueUnit.m */; };
		FC270B0F248E5EC600C17419 /* ZZReplaceUnit.m in Sources */ = {isa = PBXBuildFile; fileRef = FC270B0E248E5EC600C17419 /* ZZReplaceUnit.m */; };
		FC5428EB2489F14500881D8E /* ZZRouter.m in Sources */ = {isa = PBXBuildFile; fileRef = FC5428EA2489F14500881D8E /* ZZRouter.m */; };
		FC693AA4248A1C1D00471EFA /* ZZRouterCore.m in Sources */ = {isa = PBXBuildFile; fileRef = FC693AA3248A1C1D00471EFA /* ZZRouterCore.m */; };
		FC693AA7248A1DAC00471EFA /* ZZTransUnit.m in Sources */ = {isa = PBXBuildFile; fileRef = FC693AA6248A1DAC00471EFA /* ZZTransUnit.m */; };
		FC693AAA248A1F8900471EFA /* ZZTransFilter.m in Sources */ = {isa = PBXBuildFile; fileRef = FC693AA9248A1F8900471EFA /* ZZTransFilter.m */; };
/* End PBXBuildFile section */

/* Begin PBXContainerItemProxy section */
		FC12D2AD24891170007183F8 /* PBXContainerItemProxy */ = {
			isa = PBXContainerItemProxy;
			containerPortal = FC12D2892489116D007183F8 /* Project object */;
			proxyType = 1;
			remoteGlobalIDString = FC12D2902489116D007183F8;
			remoteInfo = ZZRouter;
		};
		FC12D2B824891170007183F8 /* PBXContainerItemProxy */ = {
			isa = PBXContainerItemProxy;
			containerPortal = FC12D2892489116D007183F8 /* Project object */;
			proxyType = 1;
			remoteGlobalIDString = FC12D2902489116D007183F8;
			remoteInfo = ZZRouter;
		};
/* End PBXContainerItemProxy section */

/* Begin PBXFileReference section */
		FC12D2912489116D007183F8 /* ZZRouter.app */ = {isa = PBXFileReference; explicitFileType = wrapper.application; includeInIndex = 0; path = ZZRouter.app; sourceTree = BUILT_PRODUCTS_DIR; };
		FC12D2942489116D007183F8 /* AppDelegate.h */ = {isa = PBXFileReference; lastKnownFileType = sourcecode.c.h; path = AppDelegate.h; sourceTree = "<group>"; };
		FC12D2952489116D007183F8 /* AppDelegate.m */ = {isa = PBXFileReference; lastKnownFileType = sourcecode.c.objc; path = AppDelegate.m; sourceTree = "<group>"; };
		FC12D2972489116D007183F8 /* SceneDelegate.h */ = {isa = PBXFileReference; lastKnownFileType = sourcecode.c.h; path = SceneDelegate.h; sourceTree = "<group>"; };
		FC12D2982489116D007183F8 /* SceneDelegate.m */ = {isa = PBXFileReference; lastKnownFileType = sourcecode.c.objc; path = SceneDelegate.m; sourceTree = "<group>"; };
		FC12D29A2489116D007183F8 /* ViewController.h */ = {isa = PBXFileReference; lastKnownFileType = sourcecode.c.h; path = ViewController.h; sourceTree = "<group>"; };
		FC12D29B2489116D007183F8 /* ViewController.m */ = {isa = PBXFileReference; lastKnownFileType = sourcecode.c.objc; path = ViewController.m; sourceTree = "<group>"; };
		FC12D29E2489116D007183F8 /* Base */ = {isa = PBXFileReference; lastKnownFileType = file.storyboard; name = Base; path = Base.lproj/Main.storyboard; sourceTree = "<group>"; };
		FC12D2A024891170007183F8 /* Assets.xcassets */ = {isa = PBXFileReference; lastKnownFileType = folder.assetcatalog; path = Assets.xcassets; sourceTree = "<group>"; };
		FC12D2A324891170007183F8 /* Base */ = {isa = PBXFileReference; lastKnownFileType = file.storyboard; name = Base; path = Base.lproj/LaunchScreen.storyboard; sourceTree = "<group>"; };
		FC12D2A524891170007183F8 /* Info.plist */ = {isa = PBXFileReference; lastKnownFileType = text.plist.xml; path = Info.plist; sourceTree = "<group>"; };
		FC12D2A624891170007183F8 /* main.m */ = {isa = PBXFileReference; lastKnownFileType = sourcecode.c.objc; path = main.m; sourceTree = "<group>"; };
		FC12D2AC24891170007183F8 /* ZZRouterTests.xctest */ = {isa = PBXFileReference; explicitFileType = wrapper.cfbundle; includeInIndex = 0; path = ZZRouterTests.xctest; sourceTree = BUILT_PRODUCTS_DIR; };
		FC12D2B024891170007183F8 /* ZZRouterTests.m */ = {isa = PBXFileReference; lastKnownFileType = sourcecode.c.objc; path = ZZRouterTests.m; sourceTree = "<group>"; };
		FC12D2B224891170007183F8 /* Info.plist */ = {isa = PBXFileReference; lastKnownFileType = text.plist.xml; path = Info.plist; sourceTree = "<group>"; };
		FC12D2B724891170007183F8 /* ZZRouterUITests.xctest */ = {isa = PBXFileReference; explicitFileType = wrapper.cfbundle; includeInIndex = 0; path = ZZRouterUITests.xctest; sourceTree = BUILT_PRODUCTS_DIR; };
		FC12D2BB24891170007183F8 /* ZZRouterUITests.m */ = {isa = PBXFileReference; lastKnownFileType = sourcecode.c.objc; path = ZZRouterUITests.m; sourceTree = "<group>"; };
		FC12D2BD24891170007183F8 /* Info.plist */ = {isa = PBXFileReference; lastKnownFileType = text.plist.xml; path = Info.plist; sourceTree = "<group>"; };
		FC270AF8248E112800C17419 /* RedViewController.h */ = {isa = PBXFileReference; lastKnownFileType = sourcecode.c.h; path = RedViewController.h; sourceTree = "<group>"; };
		FC270AF9248E112800C17419 /* RedViewController.m */ = {isa = PBXFileReference; lastKnownFileType = sourcecode.c.objc; path = RedViewController.m; sourceTree = "<group>"; };
		FC270AFB248E113300C17419 /* BlueViewController.h */ = {isa = PBXFileReference; lastKnownFileType = sourcecode.c.h; path = BlueViewController.h; sourceTree = "<group>"; };
		FC270AFC248E113300C17419 /* BlueViewController.m */ = {isa = PBXFileReference; lastKnownFileType = sourcecode.c.objc; path = BlueViewController.m; sourceTree = "<group>"; };
		FC270AFE248E113B00C17419 /* YellowViewController.h */ = {isa = PBXFileReference; lastKnownFileType = sourcecode.c.h; path = YellowViewController.h; sourceTree = "<group>"; };
		FC270AFF248E113B00C17419 /* YellowViewController.m */ = {isa = PBXFileReference; lastKnownFileType = sourcecode.c.objc; path = YellowViewController.m; sourceTree = "<group>"; };
		FC270B01248E123600C17419 /* RedUnit.h */ = {isa = PBXFileReference; lastKnownFileType = sourcecode.c.h; path = RedUnit.h; sourceTree = "<group>"; };
		FC270B02248E123600C17419 /* RedUnit.m */ = {isa = PBXFileReference; lastKnownFileType = sourcecode.c.objc; path = RedUnit.m; sourceTree = "<group>"; };
		FC270B04248E13FA00C17419 /* FilterOne.h */ = {isa = PBXFileReference; lastKnownFileType = sourcecode.c.h; path = FilterOne.h; sourceTree = "<group>"; };
		FC270B05248E13FA00C17419 /* FilterOne.m */ = {isa = PBXFileReference; lastKnownFileType = sourcecode.c.objc; path = FilterOne.m; sourceTree = "<group>"; };
		FC270B07248E18D200C17419 /* YellowUnit.h */ = {isa = PBXFileReference; lastKnownFileType = sourcecode.c.h; path = YellowUnit.h; sourceTree = "<group>"; };
		FC270B08248E18D200C17419 /* YellowUnit.m */ = {isa = PBXFileReference; lastKnownFileType = sourcecode.c.objc; path = YellowUnit.m; sourceTree = "<group>"; };
		FC270B0A248E19DC00C17419 /* BlueUnit.h */ = {isa = PBXFileReference; lastKnownFileType = sourcecode.c.h; path = BlueUnit.h; sourceTree = "<group>"; };
		FC270B0B248E19DC00C17419 /* BlueUnit.m */ = {isa = PBXFileReference; lastKnownFileType = sourcecode.c.objc; path = BlueUnit.m; sourceTree = "<group>"; };
		FC270B0D248E5EC600C17419 /* ZZReplaceUnit.h */ = {isa = PBXFileReference; lastKnownFileType = sourcecode.c.h; path = ZZReplaceUnit.h; sourceTree = "<group>"; };
		FC270B0E248E5EC600C17419 /* ZZReplaceUnit.m */ = {isa = PBXFileReference; lastKnownFileType = sourcecode.c.objc; path = ZZReplaceUnit.m; sourceTree = "<group>"; };
		FC5428E92489F14500881D8E /* ZZRouter.h */ = {isa = PBXFileReference; lastKnownFileType = sourcecode.c.h; path = ZZRouter.h; sourceTree = "<group>"; };
		FC5428EA2489F14500881D8E /* ZZRouter.m */ = {isa = PBXFileReference; lastKnownFileType = sourcecode.c.objc; path = ZZRouter.m; sourceTree = "<group>"; };
		FC693AA2248A1C1D00471EFA /* ZZRouterCore.h */ = {isa = PBXFileReference; lastKnownFileType = sourcecode.c.h; path = ZZRouterCore.h; sourceTree = "<group>"; };
		FC693AA3248A1C1D00471EFA /* ZZRouterCore.m */ = {isa = PBXFileReference; lastKnownFileType = sourcecode.c.objc; path = ZZRouterCore.m; sourceTree = "<group>"; };
		FC693AA5248A1DAC00471EFA /* ZZTransUnit.h */ = {isa = PBXFileReference; lastKnownFileType = sourcecode.c.h; path = ZZTransUnit.h; sourceTree = "<group>"; };
		FC693AA6248A1DAC00471EFA /* ZZTransUnit.m */ = {isa = PBXFileReference; lastKnownFileType = sourcecode.c.objc; path = ZZTransUnit.m; sourceTree = "<group>"; };
		FC693AA8248A1F8900471EFA /* ZZTransFilter.h */ = {isa = PBXFileReference; lastKnownFileType = sourcecode.c.h; path = ZZTransFilter.h; sourceTree = "<group>"; };
		FC693AA9248A1F8900471EFA /* ZZTransFilter.m */ = {isa = PBXFileReference; lastKnownFileType = sourcecode.c.objc; path = ZZTransFilter.m; sourceTree = "<group>"; };
/* End PBXFileReference section */

/* Begin PBXFrameworksBuildPhase section */
		FC12D28E2489116D007183F8 /* Frameworks */ = {
			isa = PBXFrameworksBuildPhase;
			buildActionMask = 2147483647;
			files = (
			);
			runOnlyForDeploymentPostprocessing = 0;
		};
		FC12D2A924891170007183F8 /* Frameworks */ = {
			isa = PBXFrameworksBuildPhase;
			buildActionMask = 2147483647;
			files = (
			);
			runOnlyForDeploymentPostprocessing = 0;
		};
		FC12D2B424891170007183F8 /* Frameworks */ = {
			isa = PBXFrameworksBuildPhase;
			buildActionMask = 2147483647;
			files = (
			);
			runOnlyForDeploymentPostprocessing = 0;
		};
/* End PBXFrameworksBuildPhase section */

/* Begin PBXGroup section */
		FC12D2882489116D007183F8 = {
			isa = PBXGroup;
			children = (
				FC12D2932489116D007183F8 /* ZZRouter */,
				FC12D2AF24891170007183F8 /* ZZRouterTests */,
				FC12D2BA24891170007183F8 /* ZZRouterUITests */,
				FC12D2922489116D007183F8 /* Products */,
			);
			sourceTree = "<group>";
		};
		FC12D2922489116D007183F8 /* Products */ = {
			isa = PBXGroup;
			children = (
				FC12D2912489116D007183F8 /* ZZRouter.app */,
				FC12D2AC24891170007183F8 /* ZZRouterTests.xctest */,
				FC12D2B724891170007183F8 /* ZZRouterUITests.xctest */,
			);
			name = Products;
			sourceTree = "<group>";
		};
		FC12D2932489116D007183F8 /* ZZRouter */ = {
			isa = PBXGroup;
			children = (
				FC12D2942489116D007183F8 /* AppDelegate.h */,
				FC12D2952489116D007183F8 /* AppDelegate.m */,
				FC12D2972489116D007183F8 /* SceneDelegate.h */,
				FC12D2982489116D007183F8 /* SceneDelegate.m */,
				FC12D29A2489116D007183F8 /* ViewController.h */,
				FC12D29B2489116D007183F8 /* ViewController.m */,
				FC270AF4248E10E100C17419 /* ZZTest */,
				FC5428E82489F13200881D8E /* ZZRouter */,
				FC12D29D2489116D007183F8 /* Main.storyboard */,
				FC12D2A024891170007183F8 /* Assets.xcassets */,
				FC12D2A224891170007183F8 /* LaunchScreen.storyboard */,
				FC12D2A524891170007183F8 /* Info.plist */,
				FC12D2A624891170007183F8 /* main.m */,
			);
			path = ZZRouter;
			sourceTree = "<group>";
		};
		FC12D2AF24891170007183F8 /* ZZRouterTests */ = {
			isa = PBXGroup;
			children = (
				FC12D2B024891170007183F8 /* ZZRouterTests.m */,
				FC12D2B224891170007183F8 /* Info.plist */,
			);
			path = ZZRouterTests;
			sourceTree = "<group>";
		};
		FC12D2BA24891170007183F8 /* ZZRouterUITests */ = {
			isa = PBXGroup;
			children = (
				FC12D2BB24891170007183F8 /* ZZRouterUITests.m */,
				FC12D2BD24891170007183F8 /* Info.plist */,
			);
			path = ZZRouterUITests;
			sourceTree = "<group>";
		};
		FC270AF4248E10E100C17419 /* ZZTest */ = {
			isa = PBXGroup;
			children = (
				FC270AF7248E111100C17419 /* yellow */,
				FC270AF6248E110200C17419 /* blue */,
				FC270AF5248E10F900C17419 /* red */,
				FC270B04248E13FA00C17419 /* FilterOne.h */,
				FC270B05248E13FA00C17419 /* FilterOne.m */,
			);
			path = ZZTest;
			sourceTree = "<group>";
		};
		FC270AF5248E10F900C17419 /* red */ = {
			isa = PBXGroup;
			children = (
				FC270AF8248E112800C17419 /* RedViewController.h */,
				FC270AF9248E112800C17419 /* RedViewController.m */,
				FC270B01248E123600C17419 /* RedUnit.h */,
				FC270B02248E123600C17419 /* RedUnit.m */,
			);
			path = red;
			sourceTree = "<group>";
		};
		FC270AF6248E110200C17419 /* blue */ = {
			isa = PBXGroup;
			children = (
				FC270AFB248E113300C17419 /* BlueViewController.h */,
				FC270AFC248E113300C17419 /* BlueViewController.m */,
				FC270B0A248E19DC00C17419 /* BlueUnit.h */,
				FC270B0B248E19DC00C17419 /* BlueUnit.m */,
			);
			path = blue;
			sourceTree = "<group>";
		};
		FC270AF7248E111100C17419 /* yellow */ = {
			isa = PBXGroup;
			children = (
				FC270AFE248E113B00C17419 /* YellowViewController.h */,
				FC270AFF248E113B00C17419 /* YellowViewController.m */,
				FC270B07248E18D200C17419 /* YellowUnit.h */,
				FC270B08248E18D200C17419 /* YellowUnit.m */,
			);
			path = yellow;
			sourceTree = "<group>";
		};
		FC5428E82489F13200881D8E /* ZZRouter */ = {
			isa = PBXGroup;
			children = (
				FC5428E92489F14500881D8E /* ZZRouter.h */,
				FC5428EA2489F14500881D8E /* ZZRouter.m */,
				FC693AA2248A1C1D00471EFA /* ZZRouterCore.h */,
				FC693AA3248A1C1D00471EFA /* ZZRouterCore.m */,
				FC693AA5248A1DAC00471EFA /* ZZTransUnit.h */,
				FC693AA6248A1DAC00471EFA /* ZZTransUnit.m */,
				FC693AA8248A1F8900471EFA /* ZZTransFilter.h */,
				FC693AA9248A1F8900471EFA /* ZZTransFilter.m */,
				FC270B0D248E5EC600C17419 /* ZZReplaceUnit.h */,
				FC270B0E248E5EC600C17419 /* ZZReplaceUnit.m */,
			);
			path = ZZRouter;
			sourceTree = "<group>";
		};
/* End PBXGroup section */

/* Begin PBXNativeTarget section */
		FC12D2902489116D007183F8 /* ZZRouter */ = {
			isa = PBXNativeTarget;
			buildConfigurationList = FC12D2C024891170007183F8 /* Build configuration list for PBXNativeTarget "ZZRouter" */;
			buildPhases = (
				FC12D28D2489116D007183F8 /* Sources */,
				FC12D28E2489116D007183F8 /* Frameworks */,
				FC12D28F2489116D007183F8 /* Resources */,
			);
			buildRules = (
			);
			dependencies = (
			);
			name = ZZRouter;
			productName = ZZRouter;
			productReference = FC12D2912489116D007183F8 /* ZZRouter.app */;
			productType = "com.apple.product-type.application";
		};
		FC12D2AB24891170007183F8 /* ZZRouterTests */ = {
			isa = PBXNativeTarget;
			buildConfigurationList = FC12D2C324891170007183F8 /* Build configuration list for PBXNativeTarget "ZZRouterTests" */;
			buildPhases = (
				FC12D2A824891170007183F8 /* Sources */,
				FC12D2A924891170007183F8 /* Frameworks */,
				FC12D2AA24891170007183F8 /* Resources */,
			);
			buildRules = (
			);
			dependencies = (
				FC12D2AE24891170007183F8 /* PBXTargetDependency */,
			);
			name = ZZRouterTests;
			productName = ZZRouterTests;
			productReference = FC12D2AC24891170007183F8 /* ZZRouterTests.xctest */;
			productType = "com.apple.product-type.bundle.unit-test";
		};
		FC12D2B624891170007183F8 /* ZZRouterUITests */ = {
			isa = PBXNativeTarget;
			buildConfigurationList = FC12D2C624891170007183F8 /* Build configuration list for PBXNativeTarget "ZZRouterUITests" */;
			buildPhases = (
				FC12D2B324891170007183F8 /* Sources */,
				FC12D2B424891170007183F8 /* Frameworks */,
				FC12D2B524891170007183F8 /* Resources */,
			);
			buildRules = (
			);
			dependencies = (
				FC12D2B924891170007183F8 /* PBXTargetDependency */,
			);
			name = ZZRouterUITests;
			productName = ZZRouterUITests;
			productReference = FC12D2B724891170007183F8 /* ZZRouterUITests.xctest */;
			productType = "com.apple.product-type.bundle.ui-testing";
		};
/* End PBXNativeTarget section */

/* Begin PBXProject section */
		FC12D2892489116D007183F8 /* Project object */ = {
			isa = PBXProject;
			attributes = {
				LastUpgradeCheck = 1130;
				ORGANIZATIONNAME = "Li,Zizhao";
				TargetAttributes = {
					FC12D2902489116D007183F8 = {
						CreatedOnToolsVersion = 11.3.1;
					};
					FC12D2AB24891170007183F8 = {
						CreatedOnToolsVersion = 11.3.1;
						TestTargetID = FC12D2902489116D007183F8;
					};
					FC12D2B624891170007183F8 = {
						CreatedOnToolsVersion = 11.3.1;
						TestTargetID = FC12D2902489116D007183F8;
					};
				};
			};
			buildConfigurationList = FC12D28C2489116D007183F8 /* Build configuration list for PBXProject "ZZRouter" */;
			compatibilityVersion = "Xcode 9.3";
			developmentRegion = en;
			hasScannedForEncodings = 0;
			knownRegions = (
				en,
				Base,
			);
			mainGroup = FC12D2882489116D007183F8;
			productRefGroup = FC12D2922489116D007183F8 /* Products */;
			projectDirPath = "";
			projectRoot = "";
			targets = (
				FC12D2902489116D007183F8 /* ZZRouter */,
				FC12D2AB24891170007183F8 /* ZZRouterTests */,
				FC12D2B624891170007183F8 /* ZZRouterUITests */,
			);
		};
/* End PBXProject section */

/* Begin PBXResourcesBuildPhase section */
		FC12D28F2489116D007183F8 /* Resources */ = {
			isa = PBXResourcesBuildPhase;
			buildActionMask = 2147483647;
			files = (
				FC12D2A424891170007183F8 /* LaunchScreen.storyboard in Resources */,
				FC12D2A124891170007183F8 /* Assets.xcassets in Resources */,
				FC12D29F2489116D007183F8 /* Main.storyboard in Resources */,
			);
			runOnlyForDeploymentPostprocessing = 0;
		};
		FC12D2AA24891170007183F8 /* Resources */ = {
			isa = PBXResourcesBuildPhase;
			buildActionMask = 2147483647;
			files = (
			);
			runOnlyForDeploymentPostprocessing = 0;
		};
		FC12D2B524891170007183F8 /* Resources */ = {
			isa = PBXResourcesBuildPhase;
			buildActionMask = 2147483647;
			files = (
			);
			runOnlyForDeploymentPostprocessing = 0;
		};
/* End PBXResourcesBuildPhase section */

/* Begin PBXSourcesBuildPhase section */
		FC12D28D2489116D007183F8 /* Sources */ = {
			isa = PBXSourcesBuildPhase;
			buildActionMask = 2147483647;
			files = (
				FC12D29C2489116D007183F8 /* ViewController.m in Sources */,
				FC12D2962489116D007183F8 /* AppDelegate.m in Sources */,
				FC693AA7248A1DAC00471EFA /* ZZTransUnit.m in Sources */,
				FC5428EB2489F14500881D8E /* ZZRouter.m in Sources */,
				FC270AFA248E112800C17419 /* RedViewController.m in Sources */,
				FC693AAA248A1F8900471EFA /* ZZTransFilter.m in Sources */,
				FC270B06248E13FA00C17419 /* FilterOne.m in Sources */,
				FC270AFD248E113300C17419 /* BlueViewController.m in Sources */,
				FC270B00248E113B00C17419 /* YellowViewController.m in Sources */,
				FC693AA4248A1C1D00471EFA /* ZZRouterCore.m in Sources */,
				FC270B0F248E5EC600C17419 /* ZZReplaceUnit.m in Sources */,
				FC12D2A724891170007183F8 /* main.m in Sources */,
				FC12D2992489116D007183F8 /* SceneDelegate.m in Sources */,
				FC270B0C248E19DC00C17419 /* BlueUnit.m in Sources */,
				FC270B03248E123600C17419 /* RedUnit.m in Sources */,
				FC270B09248E18D200C17419 /* YellowUnit.m in Sources */,
			);
			runOnlyForDeploymentPostprocessing = 0;
		};
		FC12D2A824891170007183F8 /* Sources */ = {
			isa = PBXSourcesBuildPhase;
			buildActionMask = 2147483647;
			files = (
				FC12D2B124891170007183F8 /* ZZRouterTests.m in Sources */,
			);
			runOnlyForDeploymentPostprocessing = 0;
		};
		FC12D2B324891170007183F8 /* Sources */ = {
			isa = PBXSourcesBuildPhase;
			buildActionMask = 2147483647;
			files = (
				FC12D2BC24891170007183F8 /* ZZRouterUITests.m in Sources */,
			);
			runOnlyForDeploymentPostprocessing = 0;
		};
/* End PBXSourcesBuildPhase section */

/* Begin PBXTargetDependency section */
		FC12D2AE24891170007183F8 /* PBXTargetDependency */ = {
			isa = PBXTargetDependency;
			target = FC12D2902489116D007183F8 /* ZZRouter */;
			targetProxy = FC12D2AD24891170007183F8 /* PBXContainerItemProxy */;
		};
		FC12D2B924891170007183F8 /* PBXTargetDependency */ = {
			isa = PBXTargetDependency;
			target = FC12D2902489116D007183F8 /* ZZRouter */;
			targetProxy = FC12D2B824891170007183F8 /* PBXContainerItemProxy */;
		};
/* End PBXTargetDependency section */

/* Begin PBXVariantGroup section */
		FC12D29D2489116D007183F8 /* Main.storyboard */ = {
			isa = PBXVariantGroup;
			children = (
				FC12D29E2489116D007183F8 /* Base */,
			);
			name = Main.storyboard;
			sourceTree = "<group>";
		};
		FC12D2A224891170007183F8 /* LaunchScreen.storyboard */ = {
			isa = PBXVariantGroup;
			children = (
				FC12D2A324891170007183F8 /* Base */,
			);
			name = LaunchScreen.storyboard;
			sourceTree = "<group>";
		};
/* End PBXVariantGroup section */

/* Begin XCBuildConfiguration section */
		FC12D2BE24891170007183F8 /* Debug */ = {
			isa = XCBuildConfiguration;
			buildSettings = {
				ALWAYS_SEARCH_USER_PATHS = NO;
				CLANG_ANALYZER_NONNULL = YES;
				CLANG_ANALYZER_NUMBER_OBJECT_CONVERSION = YES_AGGRESSIVE;
				CLANG_CXX_LANGUAGE_STANDARD = "gnu++14";
				CLANG_CXX_LIBRARY = "libc++";
				CLANG_ENABLE_MODULES = YES;
				CLANG_ENABLE_OBJC_ARC = YES;
				CLANG_ENABLE_OBJC_WEAK = YES;
				CLANG_WARN_BLOCK_CAPTURE_AUTORELEASING = YES;
				CLANG_WARN_BOOL_CONVERSION = YES;
				CLANG_WARN_COMMA = YES;
				CLANG_WARN_CONSTANT_CONVERSION = YES;
				CLANG_WARN_DEPRECATED_OBJC_IMPLEMENTATIONS = YES;
				CLANG_WARN_DIRECT_OBJC_ISA_USAGE = YES_ERROR;
				CLANG_WARN_DOCUMENTATION_COMMENTS = YES;
				CLANG_WARN_EMPTY_BODY = YES;
				CLANG_WARN_ENUM_CONVERSION = YES;
				CLANG_WARN_INFINITE_RECURSION = YES;
				CLANG_WARN_INT_CONVERSION = YES;
				CLANG_WARN_NON_LITERAL_NULL_CONVERSION = YES;
				CLANG_WARN_OBJC_IMPLICIT_RETAIN_SELF = YES;
				CLANG_WARN_OBJC_LITERAL_CONVERSION = YES;
				CLANG_WARN_OBJC_ROOT_CLASS = YES_ERROR;
				CLANG_WARN_RANGE_LOOP_ANALYSIS = YES;
				CLANG_WARN_STRICT_PROTOTYPES = YES;
				CLANG_WARN_SUSPICIOUS_MOVE = YES;
				CLANG_WARN_UNGUARDED_AVAILABILITY = YES_AGGRESSIVE;
				CLANG_WARN_UNREACHABLE_CODE = YES;
				CLANG_WARN__DUPLICATE_METHOD_MATCH = YES;
				COPY_PHASE_STRIP = NO;
				DEBUG_INFORMATION_FORMAT = dwarf;
				ENABLE_STRICT_OBJC_MSGSEND = YES;
				ENABLE_TESTABILITY = YES;
				GCC_C_LANGUAGE_STANDARD = gnu11;
				GCC_DYNAMIC_NO_PIC = NO;
				GCC_NO_COMMON_BLOCKS = YES;
				GCC_OPTIMIZATION_LEVEL = 0;
				GCC_PREPROCESSOR_DEFINITIONS = (
					"DEBUG=1",
					"$(inherited)",
				);
				GCC_WARN_64_TO_32_BIT_CONVERSION = YES;
				GCC_WARN_ABOUT_RETURN_TYPE = YES_ERROR;
				GCC_WARN_UNDECLARED_SELECTOR = YES;
				GCC_WARN_UNINITIALIZED_AUTOS = YES_AGGRESSIVE;
				GCC_WARN_UNUSED_FUNCTION = YES;
				GCC_WARN_UNUSED_VARIABLE = YES;
				IPHONEOS_DEPLOYMENT_TARGET = 13.2;
				MTL_ENABLE_DEBUG_INFO = INCLUDE_SOURCE;
				MTL_FAST_MATH = YES;
				ONLY_ACTIVE_ARCH = YES;
				SDKROOT = iphoneos;
			};
			name = Debug;
		};
		FC12D2BF24891170007183F8 /* Release */ = {
			isa = XCBuildConfiguration;
			buildSettings = {
				ALWAYS_SEARCH_USER_PATHS = NO;
				CLANG_ANALYZER_NONNULL = YES;
				CLANG_ANALYZER_NUMBER_OBJECT_CONVERSION = YES_AGGRESSIVE;
				CLANG_CXX_LANGUAGE_STANDARD = "gnu++14";
				CLANG_CXX_LIBRARY = "libc++";
				CLANG_ENABLE_MODULES = YES;
				CLANG_ENABLE_OBJC_ARC = YES;
				CLANG_ENABLE_OBJC_WEAK = YES;
				CLANG_WARN_BLOCK_CAPTURE_AUTORELEASING = YES;
				CLANG_WARN_BOOL_CONVERSION = YES;
				CLANG_WARN_COMMA = YES;
				CLANG_WARN_CONSTANT_CONVERSION = YES;
				CLANG_WARN_DEPRECATED_OBJC_IMPLEMENTATIONS = YES;
				CLANG_WARN_DIRECT_OBJC_ISA_USAGE = YES_ERROR;
				CLANG_WARN_DOCUMENTATION_COMMENTS = YES;
				CLANG_WARN_EMPTY_BODY = YES;
				CLANG_WARN_ENUM_CONVERSION = YES;
				CLANG_WARN_INFINITE_RECURSION = YES;
				CLANG_WARN_INT_CONVERSION = YES;
				CLANG_WARN_NON_LITERAL_NULL_CONVERSION = YES;
				CLANG_WARN_OBJC_IMPLICIT_RETAIN_SELF = YES;
				CLANG_WARN_OBJC_LITERAL_CONVERSION = YES;
				CLANG_WARN_OBJC_ROOT_CLASS = YES_ERROR;
				CLANG_WARN_RANGE_LOOP_ANALYSIS = YES;
				CLANG_WARN_STRICT_PROTOTYPES = YES;
				CLANG_WARN_SUSPICIOUS_MOVE = YES;
				CLANG_WARN_UNGUARDED_AVAILABILITY = YES_AGGRESSIVE;
				CLANG_WARN_UNREACHABLE_CODE = YES;
				CLANG_WARN__DUPLICATE_METHOD_MATCH = YES;
				COPY_PHASE_STRIP = NO;
				DEBUG_INFORMATION_FORMAT = "dwarf-with-dsym";
				ENABLE_NS_ASSERTIONS = NO;
				ENABLE_STRICT_OBJC_MSGSEND = YES;
				GCC_C_LANGUAGE_STANDARD = gnu11;
				GCC_NO_COMMON_BLOCKS = YES;
				GCC_WARN_64_TO_32_BIT_CONVERSION = YES;
				GCC_WARN_ABOUT_RETURN_TYPE = YES_ERROR;
				GCC_WARN_UNDECLARED_SELECTOR = YES;
				GCC_WARN_UNINITIALIZED_AUTOS = YES_AGGRESSIVE;
				GCC_WARN_UNUSED_FUNCTION = YES;
				GCC_WARN_UNUSED_VARIABLE = YES;
				IPHONEOS_DEPLOYMENT_TARGET = 13.2;
				MTL_ENABLE_DEBUG_INFO = NO;
				MTL_FAST_MATH = YES;
				SDKROOT = iphoneos;
				VALIDATE_PRODUCT = YES;
			};
			name = Release;
		};
		FC12D2C124891170007183F8 /* Debug */ = {
			isa = XCBuildConfiguration;
			buildSettings = {
				ASSETCATALOG_COMPILER_APPICON_NAME = AppIcon;
				CODE_SIGN_STYLE = Automatic;
				DEVELOPMENT_TEAM = F3WUNWS8WW;
				INFOPLIST_FILE = ZZRouter/Info.plist;
				LD_RUNPATH_SEARCH_PATHS = (
					"$(inherited)",
					"@executable_path/Frameworks",
				);
				PRODUCT_BUNDLE_IDENTIFIER = com.jack.ZZRouter;
				PRODUCT_NAME = "$(TARGET_NAME)";
				TARGETED_DEVICE_FAMILY = "1,2";
			};
			name = Debug;
		};
		FC12D2C224891170007183F8 /* Release */ = {
			isa = XCBuildConfiguration;
			buildSettings = {
				ASSETCATALOG_COMPILER_APPICON_NAME = AppIcon;
				CODE_SIGN_STYLE = Automatic;
				DEVELOPMENT_TEAM = F3WUNWS8WW;
				INFOPLIST_FILE = ZZRouter/Info.plist;
				LD_RUNPATH_SEARCH_PATHS = (
					"$(inherited)",
					"@executable_path/Frameworks",
				);
				PRODUCT_BUNDLE_IDENTIFIER = com.jack.ZZRouter;
				PRODUCT_NAME = "$(TARGET_NAME)";
				TARGETED_DEVICE_FAMILY = "1,2";
			};
			name = Release;
		};
		FC12D2C424891170007183F8 /* Debug */ = {
			isa = XCBuildConfiguration;
			buildSettings = {
				BUNDLE_LOADER = "$(TEST_HOST)";
				CODE_SIGN_STYLE = Automatic;
				DEVELOPMENT_TEAM = F3WUNWS8WW;
				INFOPLIST_FILE = ZZRouterTests/Info.plist;
				IPHONEOS_DEPLOYMENT_TARGET = 13.2;
				LD_RUNPATH_SEARCH_PATHS = (
					"$(inherited)",
					"@executable_path/Frameworks",
					"@loader_path/Frameworks",
				);
				PRODUCT_BUNDLE_IDENTIFIER = com.jack.ZZRouterTests;
				PRODUCT_NAME = "$(TARGET_NAME)";
				TARGETED_DEVICE_FAMILY = "1,2";
				TEST_HOST = "$(BUILT_PRODUCTS_DIR)/ZZRouter.app/ZZRouter";
			};
			name = Debug;
		};
		FC12D2C524891170007183F8 /* Release */ = {
			isa = XCBuildConfiguration;
			buildSettings = {
				BUNDLE_LOADER = "$(TEST_HOST)";
				CODE_SIGN_STYLE = Automatic;
				DEVELOPMENT_TEAM = F3WUNWS8WW;
				INFOPLIST_FILE = ZZRouterTests/Info.plist;
				IPHONEOS_DEPLOYMENT_TARGET = 13.2;
				LD_RUNPATH_SEARCH_PATHS = (
					"$(inherited)",
					"@executable_path/Frameworks",
					"@loader_path/Frameworks",
				);
				PRODUCT_BUNDLE_IDENTIFIER = com.jack.ZZRouterTests;
				PRODUCT_NAME = "$(TARGET_NAME)";
				TARGETED_DEVICE_FAMILY = "1,2";
				TEST_HOST = "$(BUILT_PRODUCTS_DIR)/ZZRouter.app/ZZRouter";
			};
			name = Release;
		};
		FC12D2C724891170007183F8 /* Debug */ = {
			isa = XCBuildConfiguration;
			buildSettings = {
				CODE_SIGN_STYLE = Automatic;
				DEVELOPMENT_TEAM = F3WUNWS8WW;
				INFOPLIST_FILE = ZZRouterUITests/Info.plist;
				LD_RUNPATH_SEARCH_PATHS = (
					"$(inherited)",
					"@executable_path/Frameworks",
					"@loader_path/Frameworks",
				);
				PRODUCT_BUNDLE_IDENTIFIER = com.jack.ZZRouterUITests;
				PRODUCT_NAME = "$(TARGET_NAME)";
				TARGETED_DEVICE_FAMILY = "1,2";
				TEST_TARGET_NAME = ZZRouter;
			};
			name = Debug;
		};
		FC12D2C824891170007183F8 /* Release */ = {
			isa = XCBuildConfiguration;
			buildSettings = {
				CODE_SIGN_STYLE = Automatic;
				DEVELOPMENT_TEAM = F3WUNWS8WW;
				INFOPLIST_FILE = ZZRouterUITests/Info.plist;
				LD_RUNPATH_SEARCH_PATHS = (
					"$(inherited)",
					"@executable_path/Frameworks",
					"@loader_path/Frameworks",
				);
				PRODUCT_BUNDLE_IDENTIFIER = com.jack.ZZRouterUITests;
				PRODUCT_NAME = "$(TARGET_NAME)";
				TARGETED_DEVICE_FAMILY = "1,2";
				TEST_TARGET_NAME = ZZRouter;
			};
			name = Release;
		};
/* End XCBuildConfiguration section */

/* Begin XCConfigurationList section */
		FC12D28C2489116D007183F8 /* Build configuration list for PBXProject "ZZRouter" */ = {
			isa = XCConfigurationList;
			buildConfigurations = (
				FC12D2BE24891170007183F8 /* Debug */,
				FC12D2BF24891170007183F8 /* Release */,
			);
			defaultConfigurationIsVisible = 0;
			defaultConfigurationName = Release;
		};
		FC12D2C024891170007183F8 /* Build configuration list for PBXNativeTarget "ZZRouter" */ = {
			isa = XCConfigurationList;
			buildConfigurations = (
				FC12D2C124891170007183F8 /* Debug */,
				FC12D2C224891170007183F8 /* Release */,
			);
			defaultConfigurationIsVisible = 0;
			defaultConfigurationName = Release;
		};
		FC12D2C324891170007183F8 /* Build configuration list for PBXNativeTarget "ZZRouterTests" */ = {
			isa = XCConfigurationList;
			buildConfigurations = (
				FC12D2C424891170007183F8 /* Debug */,
				FC12D2C524891170007183F8 /* Release */,
			);
			defaultConfigurationIsVisible = 0;
			defaultConfigurationName = Release;
		};
		FC12D2C624891170007183F8 /* Build configuration list for PBXNativeTarget "ZZRouterUITests" */ = {
			isa = XCConfigurationList;
			buildConfigurations = (
				FC12D2C724891170007183F8 /* Debug */,
				FC12D2C824891170007183F8 /* Release */,
			);
			defaultConfigurationIsVisible = 0;
			defaultConfigurationName = Release;
		};
/* End XCConfigurationList section */
	};
	rootObject = FC12D2892489116D007183F8 /* Project object */;
}
